%{"eredis": {:git, "git://github.com/wooga/eredis.git", "471dd471060daa1d98391cb69ae006f8ba79a042", [ref: "471dd"]},
  "exredis": {:git, "git://github.com/artemeff/exredis.git", "0941f4e27456882ad1921bf751137c918c889d83", []},
  "json": {:git, "git://github.com/cblage/elixir-json.git", "a50642c957a017fdcff4b06337b211f85bc8f653", []}}
